
Microsoft Visual Studio Solution File, Format Version 12.00
# Visual Studio Version 17
VisualStudioVersion = 17.3.32929.385
MinimumVisualStudioVersion = 10.0.40219.1
Project("{FAE04EC0-301F-11D3-BF4B-00C04F79EFBC}") = "WebApplicationForAzureAppService", "WebApplicationForAzureAppService\WebApplicationForAzureAppService.csproj", "{66262D26-F318-4059-A8B1-DC330504AB5C}"
EndProject
Global
	GlobalSection(SolutionConfigurationPlatforms) = preSolution
		Debug|Any CPU = Debug|Any CPU
		Release|Any CPU = Release|Any CPU
	EndGlobalSection
	GlobalSection(ProjectConfigurationPlatforms) = postSolution
		{66262D26-F318-4059-A8B1-DC330504AB5C}.Debug|Any CPU.ActiveCfg = Debug|Any CPU
		{66262D26-F318-4059-A8B1-DC330504AB5C}.Debug|Any CPU.Build.0 = Debug|Any CPU
		{66262D26-F318-4059-A8B1-DC330504AB5C}.Release|Any CPU.ActiveCfg = Release|Any CPU
		{66262D26-F318-4059-A8B1-DC330504AB5C}.Release|Any CPU.Build.0 = Release|Any CPU
	EndGlobalSection
	GlobalSection(SolutionProperties) = preSolution
		HideSolutionNode = FALSE
	EndGlobalSection
	GlobalSection(ExtensibilityGlobals) = postSolution
		SolutionGuid = {A53B3FC1-AA98-4055-9C0A-47368164698E}
	EndGlobalSection
EndGlobal
